
Microsoft Visual Studio Solution File, Format Version 12.00
# Visual Studio 14
VisualStudioVersion = 14.0.25420.1
MinimumVisualStudioVersion = 10.0.40219.1
Project("{F184B08F-C81C-45F6-A57F-5ABD9991F28F}") = "MVCBaseProject", "MVCBaseProject\MVCBaseProject.vbproj", "{AEF66257-59CF-4F73-9F59-F3DCE25CA682}"
EndProject
Project("{F184B08F-C81C-45F6-A57F-5ABD9991F28F}") = "MVCBaseProject.Tests", "MVCBaseProject.Tests\MVCBaseProject.Tests.vbproj", "{E7125E46-B2B6-4350-9474-9109B6DE197C}"
EndProject
Global
	GlobalSection(SolutionConfigurationPlatforms) = preSolution
		Debug|Any CPU = Debug|Any CPU
		Release|Any CPU = Release|Any CPU
	EndGlobalSection
	GlobalSection(ProjectConfigurationPlatforms) = postSolution
		{AEF66257-59CF-4F73-9F59-F3DCE25CA682}.Debug|Any CPU.ActiveCfg = Debug|Any CPU
		{AEF66257-59CF-4F73-9F59-F3DCE25CA682}.Debug|Any CPU.Build.0 = Debug|Any CPU
		{AEF66257-59CF-4F73-9F59-F3DCE25CA682}.Release|Any CPU.ActiveCfg = Release|Any CPU
		{AEF66257-59CF-4F73-9F59-F3DCE25CA682}.Release|Any CPU.Build.0 = Release|Any CPU
		{E7125E46-B2B6-4350-9474-9109B6DE197C}.Debug|Any CPU.ActiveCfg = Debug|Any CPU
		{E7125E46-B2B6-4350-9474-9109B6DE197C}.Debug|Any CPU.Build.0 = Debug|Any CPU
		{E7125E46-B2B6-4350-9474-9109B6DE197C}.Release|Any CPU.ActiveCfg = Release|Any CPU
		{E7125E46-B2B6-4350-9474-9109B6DE197C}.Release|Any CPU.Build.0 = Release|Any CPU
	EndGlobalSection
	GlobalSection(SolutionProperties) = preSolution
		HideSolutionNode = FALSE
	EndGlobalSection
EndGlobal
